
Microsoft Visual Studio Solution File, Format Version 12.00
# Visual Studio 15
VisualStudioVersion = 15.0.27004.2006
MinimumVisualStudioVersion = 15.0.26124.0
Project("{2150E333-8FDC-42A3-9474-1A3956D46DE8}") = "build", "build", "{D1B3D0B9-B93B-4406-90C0-6C9F72260CFA}"
	ProjectSection(SolutionItems) = preProject
		build\common.props = build\common.props
		Directory.Build.props = Directory.Build.props
	EndProjectSection
EndProject
Project("{2150E333-8FDC-42A3-9474-1A3956D46DE8}") = "src", "src", "{5013710F-4ACA-484F-9C6A-1BE1ECCF2876}"
EndProject
Project("{2150E333-8FDC-42A3-9474-1A3956D46DE8}") = "test", "test", "{1891DFDC-F151-47E2-9888-EC2D87B1CB99}"
EndProject
Project("{2150E333-8FDC-42A3-9474-1A3956D46DE8}") = "Solution Items", "Solution Items", "{522B4A53-5BC7-48A6-8BDE-BD0EE14D8515}"
	ProjectSection(SolutionItems) = preProject
		.gitattributes = .gitattributes
		.gitignore = .gitignore
		Directory.Build.props = Directory.Build.props
		global.json = global.json
		astro-be.ruleset = astro-be.ruleset
		README.md = README.md
		stylecop.json = stylecop.json
		version.props = version.props
	EndProjectSection
EndProject
Project("{FAE04EC0-301F-11D3-BF4B-00C04F79EFBC}") = "Astro.API", "src\Astro.API\Astro.API.csproj", "{7F6AB010-BFFF-4FA5-98A9-E7E9A58A4625}"
EndProject
Project("{FAE04EC0-301F-11D3-BF4B-00C04F79EFBC}") = "Astro.Facts", "test\Astro.Facts\Astro.Facts.csproj", "{6DBBF3A5-E7E5-498D-9648-4B67C7435665}"
EndProject
Project("{FAE04EC0-301F-11D3-BF4B-00C04F79EFBC}") = "Astro.DbUp", "src\Astro.DbUp\Astro.DbUp.csproj", "{62D58FE7-DFB2-4031-A8B0-4247CC560135}"
EndProject
Project("{2150E333-8FDC-42A3-9474-1A3956D46DE8}") = "benchmarks", "benchmarks", "{5E941F2B-3BC1-46E2-9DB1-6E4EF38AB296}"
EndProject
Project("{FAE04EC0-301F-11D3-BF4B-00C04F79EFBC}") = "Astro.Benchmarks", "benchmarks\Astro.Benchmarks\Astro.Benchmarks.csproj", "{4CE4C299-1C62-425E-B039-40FE4D46D16C}"
EndProject
Project("{FAE04EC0-301F-11D3-BF4B-00C04F79EFBC}") = "Astro.Integration", "test\Astro.Integration\Astro.Integration.csproj", "{FFE467EC-E675-4519-9424-FD055B2865CB}"
EndProject
Project("{FAE04EC0-301F-11D3-BF4B-00C04F79EFBC}") = "Astro.Application", "src\Astro.Application\Astro.Application.csproj", "{004D7C90-BDEA-4E46-81C8-BB5A33E98356}"
EndProject
Project("{FAE04EC0-301F-11D3-BF4B-00C04F79EFBC}") = "Astro.Domain", "src\Astro.Domain\Astro.Domain.csproj", "{FC76AACD-F9FF-45B0-B80B-4C0B915B36D2}"
EndProject
Global
	GlobalSection(SolutionConfigurationPlatforms) = preSolution
		Debug|Any CPU = Debug|Any CPU
		Debug|x64 = Debug|x64
		Debug|x86 = Debug|x86
		Release|Any CPU = Release|Any CPU
		Release|x64 = Release|x64
		Release|x86 = Release|x86
	EndGlobalSection
	GlobalSection(SolutionProperties) = preSolution
		HideSolutionNode = FALSE
	EndGlobalSection
	GlobalSection(NestedProjects) = preSolution
		{D1B3D0B9-B93B-4406-90C0-6C9F72260CFA} = {522B4A53-5BC7-48A6-8BDE-BD0EE14D8515}
		{7F6AB010-BFFF-4FA5-98A9-E7E9A58A4625} = {5013710F-4ACA-484F-9C6A-1BE1ECCF2876}
		{6DBBF3A5-E7E5-498D-9648-4B67C7435665} = {1891DFDC-F151-47E2-9888-EC2D87B1CB99}
		{62D58FE7-DFB2-4031-A8B0-4247CC560135} = {5013710F-4ACA-484F-9C6A-1BE1ECCF2876}
		{4CE4C299-1C62-425E-B039-40FE4D46D16C} = {5E941F2B-3BC1-46E2-9DB1-6E4EF38AB296}
		{FFE467EC-E675-4519-9424-FD055B2865CB} = {1891DFDC-F151-47E2-9888-EC2D87B1CB99}
		{004D7C90-BDEA-4E46-81C8-BB5A33E98356} = {5013710F-4ACA-484F-9C6A-1BE1ECCF2876}
		{FC76AACD-F9FF-45B0-B80B-4C0B915B36D2} = {5013710F-4ACA-484F-9C6A-1BE1ECCF2876}
	EndGlobalSection
	GlobalSection(ExtensibilityGlobals) = postSolution
		SolutionGuid = {F1F74479-B491-497E-984B-D9AB84AEB436}
	EndGlobalSection
	GlobalSection(ProjectConfigurationPlatforms) = postSolution
		{7F6AB010-BFFF-4FA5-98A9-E7E9A58A4625}.Debug|Any CPU.ActiveCfg = Debug|Any CPU
		{7F6AB010-BFFF-4FA5-98A9-E7E9A58A4625}.Debug|Any CPU.Build.0 = Debug|Any CPU
		{7F6AB010-BFFF-4FA5-98A9-E7E9A58A4625}.Debug|x64.ActiveCfg = Debug|Any CPU
		{7F6AB010-BFFF-4FA5-98A9-E7E9A58A4625}.Debug|x64.Build.0 = Debug|Any CPU
		{7F6AB010-BFFF-4FA5-98A9-E7E9A58A4625}.Debug|x86.ActiveCfg = Debug|Any CPU
		{7F6AB010-BFFF-4FA5-98A9-E7E9A58A4625}.Debug|x86.Build.0 = Debug|Any CPU
		{7F6AB010-BFFF-4FA5-98A9-E7E9A58A4625}.Release|Any CPU.ActiveCfg = Release|Any CPU
		{7F6AB010-BFFF-4FA5-98A9-E7E9A58A4625}.Release|Any CPU.Build.0 = Release|Any CPU
		{7F6AB010-BFFF-4FA5-98A9-E7E9A58A4625}.Release|x64.ActiveCfg = Release|Any CPU
		{7F6AB010-BFFF-4FA5-98A9-E7E9A58A4625}.Release|x64.Build.0 = Release|Any CPU
		{7F6AB010-BFFF-4FA5-98A9-E7E9A58A4625}.Release|x86.ActiveCfg = Release|Any CPU
		{7F6AB010-BFFF-4FA5-98A9-E7E9A58A4625}.Release|x86.Build.0 = Release|Any CPU
		{6DBBF3A5-E7E5-498D-9648-4B67C7435665}.Debug|Any CPU.ActiveCfg = Debug|Any CPU
		{6DBBF3A5-E7E5-498D-9648-4B67C7435665}.Debug|Any CPU.Build.0 = Debug|Any CPU
		{6DBBF3A5-E7E5-498D-9648-4B67C7435665}.Debug|x64.ActiveCfg = Debug|Any CPU
		{6DBBF3A5-E7E5-498D-9648-4B67C7435665}.Debug|x64.Build.0 = Debug|Any CPU
		{6DBBF3A5-E7E5-498D-9648-4B67C7435665}.Debug|x86.ActiveCfg = Debug|Any CPU
		{6DBBF3A5-E7E5-498D-9648-4B67C7435665}.Debug|x86.Build.0 = Debug|Any CPU
		{6DBBF3A5-E7E5-498D-9648-4B67C7435665}.Release|Any CPU.ActiveCfg = Release|Any CPU
		{6DBBF3A5-E7E5-498D-9648-4B67C7435665}.Release|Any CPU.Build.0 = Release|Any CPU
		{6DBBF3A5-E7E5-498D-9648-4B67C7435665}.Release|x64.ActiveCfg = Release|Any CPU
		{6DBBF3A5-E7E5-498D-9648-4B67C7435665}.Release|x64.Build.0 = Release|Any CPU
		{6DBBF3A5-E7E5-498D-9648-4B67C7435665}.Release|x86.ActiveCfg = Release|Any CPU
		{6DBBF3A5-E7E5-498D-9648-4B67C7435665}.Release|x86.Build.0 = Release|Any CPU
		{62D58FE7-DFB2-4031-A8B0-4247CC560135}.Debug|Any CPU.ActiveCfg = Debug|Any CPU
		{62D58FE7-DFB2-4031-A8B0-4247CC560135}.Debug|Any CPU.Build.0 = Debug|Any CPU
		{62D58FE7-DFB2-4031-A8B0-4247CC560135}.Debug|x64.ActiveCfg = Debug|Any CPU
		{62D58FE7-DFB2-4031-A8B0-4247CC560135}.Debug|x64.Build.0 = Debug|Any CPU
		{62D58FE7-DFB2-4031-A8B0-4247CC560135}.Debug|x86.ActiveCfg = Debug|Any CPU
		{62D58FE7-DFB2-4031-A8B0-4247CC560135}.Debug|x86.Build.0 = Debug|Any CPU
		{62D58FE7-DFB2-4031-A8B0-4247CC560135}.Release|Any CPU.ActiveCfg = Release|Any CPU
		{62D58FE7-DFB2-4031-A8B0-4247CC560135}.Release|Any CPU.Build.0 = Release|Any CPU
		{62D58FE7-DFB2-4031-A8B0-4247CC560135}.Release|x64.ActiveCfg = Release|Any CPU
		{62D58FE7-DFB2-4031-A8B0-4247CC560135}.Release|x64.Build.0 = Release|Any CPU
		{62D58FE7-DFB2-4031-A8B0-4247CC560135}.Release|x86.ActiveCfg = Release|Any CPU
		{62D58FE7-DFB2-4031-A8B0-4247CC560135}.Release|x86.Build.0 = Release|Any CPU
		{4CE4C299-1C62-425E-B039-40FE4D46D16C}.Debug|Any CPU.ActiveCfg = Debug|Any CPU
		{4CE4C299-1C62-425E-B039-40FE4D46D16C}.Debug|Any CPU.Build.0 = Debug|Any CPU
		{4CE4C299-1C62-425E-B039-40FE4D46D16C}.Debug|x64.ActiveCfg = Debug|Any CPU
		{4CE4C299-1C62-425E-B039-40FE4D46D16C}.Debug|x64.Build.0 = Debug|Any CPU
		{4CE4C299-1C62-425E-B039-40FE4D46D16C}.Debug|x86.ActiveCfg = Debug|Any CPU
		{4CE4C299-1C62-425E-B039-40FE4D46D16C}.Debug|x86.Build.0 = Debug|Any CPU
		{4CE4C299-1C62-425E-B039-40FE4D46D16C}.Release|Any CPU.ActiveCfg = Release|Any CPU
		{4CE4C299-1C62-425E-B039-40FE4D46D16C}.Release|Any CPU.Build.0 = Release|Any CPU
		{4CE4C299-1C62-425E-B039-40FE4D46D16C}.Release|x64.ActiveCfg = Release|Any CPU
		{4CE4C299-1C62-425E-B039-40FE4D46D16C}.Release|x64.Build.0 = Release|Any CPU
		{4CE4C299-1C62-425E-B039-40FE4D46D16C}.Release|x86.ActiveCfg = Release|Any CPU
		{4CE4C299-1C62-425E-B039-40FE4D46D16C}.Release|x86.Build.0 = Release|Any CPU
		{FFE467EC-E675-4519-9424-FD055B2865CB}.Debug|Any CPU.ActiveCfg = Debug|Any CPU
		{FFE467EC-E675-4519-9424-FD055B2865CB}.Debug|Any CPU.Build.0 = Debug|Any CPU
		{FFE467EC-E675-4519-9424-FD055B2865CB}.Debug|x64.ActiveCfg = Debug|Any CPU
		{FFE467EC-E675-4519-9424-FD055B2865CB}.Debug|x64.Build.0 = Debug|Any CPU
		{FFE467EC-E675-4519-9424-FD055B2865CB}.Debug|x86.ActiveCfg = Debug|Any CPU
		{FFE467EC-E675-4519-9424-FD055B2865CB}.Debug|x86.Build.0 = Debug|Any CPU
		{FFE467EC-E675-4519-9424-FD055B2865CB}.Release|Any CPU.ActiveCfg = Release|Any CPU
		{FFE467EC-E675-4519-9424-FD055B2865CB}.Release|Any CPU.Build.0 = Release|Any CPU
		{FFE467EC-E675-4519-9424-FD055B2865CB}.Release|x64.ActiveCfg = Release|Any CPU
		{FFE467EC-E675-4519-9424-FD055B2865CB}.Release|x64.Build.0 = Release|Any CPU
		{FFE467EC-E675-4519-9424-FD055B2865CB}.Release|x86.ActiveCfg = Release|Any CPU
		{FFE467EC-E675-4519-9424-FD055B2865CB}.Release|x86.Build.0 = Release|Any CPU
		{004D7C90-BDEA-4E46-81C8-BB5A33E98356}.Debug|Any CPU.ActiveCfg = Debug|Any CPU
		{004D7C90-BDEA-4E46-81C8-BB5A33E98356}.Debug|Any CPU.Build.0 = Debug|Any CPU
		{004D7C90-BDEA-4E46-81C8-BB5A33E98356}.Debug|x64.ActiveCfg = Debug|Any CPU
		{004D7C90-BDEA-4E46-81C8-BB5A33E98356}.Debug|x64.Build.0 = Debug|Any CPU
		{004D7C90-BDEA-4E46-81C8-BB5A33E98356}.Debug|x86.ActiveCfg = Debug|Any CPU
		{004D7C90-BDEA-4E46-81C8-BB5A33E98356}.Debug|x86.Build.0 = Debug|Any CPU
		{004D7C90-BDEA-4E46-81C8-BB5A33E98356}.Release|Any CPU.ActiveCfg = Release|Any CPU
		{004D7C90-BDEA-4E46-81C8-BB5A33E98356}.Release|Any CPU.Build.0 = Release|Any CPU
		{004D7C90-BDEA-4E46-81C8-BB5A33E98356}.Release|x64.ActiveCfg = Release|Any CPU
		{004D7C90-BDEA-4E46-81C8-BB5A33E98356}.Release|x64.Build.0 = Release|Any CPU
		{004D7C90-BDEA-4E46-81C8-BB5A33E98356}.Release|x86.ActiveCfg = Release|Any CPU
		{004D7C90-BDEA-4E46-81C8-BB5A33E98356}.Release|x86.Build.0 = Release|Any CPU
		{FC76AACD-F9FF-45B0-B80B-4C0B915B36D2}.Debug|Any CPU.ActiveCfg = Debug|Any CPU
		{FC76AACD-F9FF-45B0-B80B-4C0B915B36D2}.Debug|Any CPU.Build.0 = Debug|Any CPU
		{FC76AACD-F9FF-45B0-B80B-4C0B915B36D2}.Debug|x64.ActiveCfg = Debug|Any CPU
		{FC76AACD-F9FF-45B0-B80B-4C0B915B36D2}.Debug|x64.Build.0 = Debug|Any CPU
		{FC76AACD-F9FF-45B0-B80B-4C0B915B36D2}.Debug|x86.ActiveCfg = Debug|Any CPU
		{FC76AACD-F9FF-45B0-B80B-4C0B915B36D2}.Debug|x86.Build.0 = Debug|Any CPU
		{FC76AACD-F9FF-45B0-B80B-4C0B915B36D2}.Release|Any CPU.ActiveCfg = Release|Any CPU
		{FC76AACD-F9FF-45B0-B80B-4C0B915B36D2}.Release|Any CPU.Build.0 = Release|Any CPU
		{FC76AACD-F9FF-45B0-B80B-4C0B915B36D2}.Release|x64.ActiveCfg = Release|Any CPU
		{FC76AACD-F9FF-45B0-B80B-4C0B915B36D2}.Release|x64.Build.0 = Release|Any CPU
		{FC76AACD-F9FF-45B0-B80B-4C0B915B36D2}.Release|x86.ActiveCfg = Release|Any CPU
		{FC76AACD-F9FF-45B0-B80B-4C0B915B36D2}.Release|x86.Build.0 = Release|Any CPU
	EndGlobalSection
EndGlobal
